Microsoft Visual Studio Solution File, Format Version 12.00
# Visual Studio Version 17
VisualStudioVersion = 17.5.2.0
MinimumVisualStudioVersion = 10.0.40219.1
Project("{FAE04EC0-301F-11D3-BF4B-00C04F79EFBC}") = "Lab-2-Employee-management", "Lab-2-Employee-management.csproj", "{AA7765BF-935E-CDF1-8D5B-796D9698B9DB}"
EndProject
Global
	GlobalSection(SolutionConfigurationPlatforms) = preSolution
		Debug|Any CPU = Debug|Any CPU
		Release|Any CPU = Release|Any CPU
	EndGlobalSection
	GlobalSection(ProjectConfigurationPlatforms) = postSolution
		{AA7765BF-935E-CDF1-8D5B-796D9698B9DB}.Debug|Any CPU.ActiveCfg = Debug|Any CPU
		{AA7765BF-935E-CDF1-8D5B-796D9698B9DB}.Debug|Any CPU.Build.0 = Debug|Any CPU
		{AA7765BF-935E-CDF1-8D5B-796D9698B9DB}.Release|Any CPU.ActiveCfg = Release|Any CPU
		{AA7765BF-935E-CDF1-8D5B-796D9698B9DB}.Release|Any CPU.Build.0 = Release|Any CPU
	EndGlobalSection
	GlobalSection(SolutionProperties) = preSolution
		HideSolutionNode = FALSE
	EndGlobalSection
	GlobalSection(ExtensibilityGlobals) = postSolution
		SolutionGuid = {938106FB-CB72-4B06-9DED-95D60E6CA4CA}
	EndGlobalSection
EndGlobal
